// !$*UTF8*$!
{
	archiveVersion = 1;
	classes = {
	};
	objectVersion = 50;
	objects = {

/* Begin PBXBuildFile section */
		AA75B29C22DEB7A1000CC8FB /* AppDelegate.m in Sources */ = {isa = PBXBuildFile; fileRef = AA75B29B22DEB7A1000CC8FB /* AppDelegate.m */; };
		AA75B29F22DEB7A1000CC8FB /* ViewController.m in Sources */ = {isa = PBXBuildFile; fileRef = AA75B29E22DEB7A1000CC8FB /* ViewController.m */; };
		AA75B2A222DEB7A1000CC8FB /* Main.storyboard in Resources */ = {isa = PBXBuildFile; fileRef = AA75B2A022DEB7A1000CC8FB /* Main.storyboard */; };
		AA75B2A422DEB7A2000CC8FB /* Assets.xcassets in Resources */ = {isa = PBXBuildFile; fileRef = AA75B2A322DEB7A2000CC8FB /* Assets.xcassets */; };
		AA75B2A722DEB7A2000CC8FB /* LaunchScreen.storyboard in Resources */ = {isa = PBXBuildFile; fileRef = AA75B2A522DEB7A2000CC8FB /* LaunchScreen.storyboard */; };
		AA75B2AA22DEB7A2000CC8FB /* main.m in Sources */ = {isa = PBXBuildFile; fileRef = AA75B2A922DEB7A2000CC8FB /* main.m */; };
		AA75B2B722DEB7C6000CC8FB /* MLAVPlayer.bundle in Resources */ = {isa = PBXBuildFile; fileRef = AA75B2B122DEB7C6000CC8FB /* MLAVPlayer.bundle */; };
		AA75B2B822DEB7C6000CC8FB /* UIImage+Extend.m in Sources */ = {isa = PBXBuildFile; fileRef = AA75B2B422DEB7C6000CC8FB /* UIImage+Extend.m */; };
		AA75B2B922DEB7C6000CC8FB /* MLAVPlayer.m in Sources */ = {isa = PBXBuildFile; fileRef = AA75B2B522DEB7C6000CC8FB /* MLAVPlayer.m */; };
		AA75B2BD22DEB7D1000CC8FB /* bbc20190709_21306935GX.mp3 in Resources */ = {isa = PBXBuildFile; fileRef = AA75B2BB22DEB7D1000CC8FB /* bbc20190709_21306935GX.mp3 */; };
		AA75B2BE22DEB7D1000CC8FB /* trailer.mp4 in Resources */ = {isa = PBXBuildFile; fileRef = AA75B2BC22DEB7D1000CC8FB /* trailer.mp4 */; };
		AAE78F2E22E5A6F60065EC81 /* MLAVPlayer.xib in Resources */ = {isa = PBXBuildFile; fileRef = AAE78F2D22E5A6F60065EC81 /* MLAVPlayer.xib */; };
		AAE78F3122E5AB7F0065EC81 /* AVPlayer+SeekSmoothly.m in Sources */ = {isa = PBXBuildFile; fileRef = AAE78F3022E5AB7F0065EC81 /* AVPlayer+SeekSmoothly.m */; };
		AAF682E022E30A5E0087046B /* NSBundle+MLAVPlayer.m in Sources */ = {isa = PBXBuildFile; fileRef = AAF682DE22E30A5D0087046B /* NSBundle+MLAVPlayer.m */; };
/* End PBXBuildFile section */

/* Begin PBXFileReference section */
		AA75B29722DEB7A1000CC8FB /* iOS Example.app */ = {isa = PBXFileReference; explicitFileType = wrapper.application; includeInIndex = 0; path = "iOS Example.app"; sourceTree = BUILT_PRODUCTS_DIR; };
		AA75B29A22DEB7A1000CC8FB /* AppDelegate.h */ = {isa = PBXFileReference; lastKnownFileType = sourcecode.c.h; path = AppDelegate.h; sourceTree = "<group>"; };
		AA75B29B22DEB7A1000CC8FB /* AppDelegate.m */ = {isa = PBXFileReference; lastKnownFileType = sourcecode.c.objc; path = AppDelegate.m; sourceTree = "<group>"; };
		AA75B29D22DEB7A1000CC8FB /* ViewController.h */ = {isa = PBXFileReference; lastKnownFileType = sourcecode.c.h; path = ViewController.h; sourceTree = "<group>"; };
		AA75B29E22DEB7A1000CC8FB /* ViewController.m */ = {isa = PBXFileReference; lastKnownFileType = sourcecode.c.objc; path = ViewController.m; sourceTree = "<group>"; };
		AA75B2A122DEB7A1000CC8FB /* Base */ = {isa = PBXFileReference; lastKnownFileType = file.storyboard; name = Base; path = Base.lproj/Main.storyboard; sourceTree = "<group>"; };
		AA75B2A322DEB7A2000CC8FB /* Assets.xcassets */ = {isa = PBXFileReference; lastKnownFileType = folder.assetcatalog; path = Assets.xcassets; sourceTree = "<group>"; };
		AA75B2A622DEB7A2000CC8FB /* Base */ = {isa = PBXFileReference; lastKnownFileType = file.storyboard; name = Base; path = Base.lproj/LaunchScreen.storyboard; sourceTree = "<group>"; };
		AA75B2A822DEB7A2000CC8FB /* Info.plist */ = {isa = PBXFileReference; lastKnownFileType = text.plist.xml; path = Info.plist; sourceTree = "<group>"; };
		AA75B2A922DEB7A2000CC8FB /* main.m */ = {isa = PBXFileReference; lastKnownFileType = sourcecode.c.objc; path = main.m; sourceTree = "<group>"; };
		AA75B2B122DEB7C6000CC8FB /* MLAVPlayer.bundle */ = {isa = PBXFileReference; lastKnownFileType = "wrapper.plug-in"; path = MLAVPlayer.bundle; sourceTree = "<group>"; };
		AA75B2B222DEB7C6000CC8FB /* UIImage+Extend.h */ = {isa = PBXFileReference; fileEncoding = 4; lastKnownFileType = sourcecode.c.h; path = "UIImage+Extend.h"; sourceTree = "<group>"; };
		AA75B2B322DEB7C6000CC8FB /* MLAVPlayer.h */ = {isa = PBXFileReference; fileEncoding = 4; lastKnownFileType = sourcecode.c.h; path = MLAVPlayer.h; sourceTree = "<group>"; };
		AA75B2B422DEB7C6000CC8FB /* UIImage+Extend.m */ = {isa = PBXFileReference; fileEncoding = 4; lastKnownFileType = sourcecode.c.objc; path = "UIImage+Extend.m"; sourceTree = "<group>"; };
		AA75B2B522DEB7C6000CC8FB /* MLAVPlayer.m */ = {isa = PBXFileReference; fileEncoding = 4; lastKnownFileType = sourcecode.c.objc; path = MLAVPlayer.m; sourceTree = "<group>"; };
		AA75B2BB22DEB7D1000CC8FB /* bbc20190709_21306935GX.mp3 */ = {isa = PBXFileReference; lastKnownFileType = audio.mp3; name = bbc20190709_21306935GX.mp3; path = ../../bbc20190709_21306935GX.mp3; sourceTree = "<group>"; };
		AA75B2BC22DEB7D1000CC8FB /* trailer.mp4 */ = {isa = PBXFileReference; lastKnownFileType = file; name = trailer.mp4; path = ../../trailer.mp4; sourceTree = "<group>"; };
		AAE78F2D22E5A6F60065EC81 /* MLAVPlayer.xib */ = {isa = PBXFileReference; fileEncoding = 4; lastKnownFileType = file.xib; path = MLAVPlayer.xib; sourceTree = "<group>"; };
		AAE78F2F22E5AB7F0065EC81 /* AVPlayer+SeekSmoothly.h */ = {isa = PBXFileReference; lastKnownFileType = sourcecode.c.h; path = "AVPlayer+SeekSmoothly.h"; sourceTree = "<group>"; };
		AAE78F3022E5AB7F0065EC81 /* AVPlayer+SeekSmoothly.m */ = {isa = PBXFileReference; lastKnownFileType = sourcecode.c.objc; path = "AVPlayer+SeekSmoothly.m"; sourceTree = "<group>"; };
		AAF682DE22E30A5D0087046B /* NSBundle+MLAVPlayer.m */ = {isa = PBXFileReference; fileEncoding = 4; lastKnownFileType = sourcecode.c.objc; path = "NSBundle+MLAVPlayer.m"; sourceTree = "<group>"; };
		AAF682DF22E30A5D0087046B /* NSBundle+MLAVPlayer.h */ = {isa = PBXFileReference; fileEncoding = 4; lastKnownFileType = sourcecode.c.h; path = "NSBundle+MLAVPlayer.h"; sourceTree = "<group>"; };
/* End PBXFileReference section */

/* Begin PBXFrameworksBuildPhase section */
		AA75B29422DEB7A1000CC8FB /* Frameworks */ = {
			isa = PBXFrameworksBuildPhase;
			buildActionMask = 2147483647;
			files = (
			);
			runOnlyForDeploymentPostprocessing = 0;
		};
/* End PBXFrameworksBuildPhase section */

/* Begin PBXGroup section */
		AA75B28E22DEB7A1000CC8FB = {
			isa = PBXGroup;
			children = (
				AA75B29922DEB7A1000CC8FB /* iOS Example */,
				AA75B29822DEB7A1000CC8FB /* Products */,
			);
			sourceTree = "<group>";
		};
		AA75B29822DEB7A1000CC8FB /* Products */ = {
			isa = PBXGroup;
			children = (
				AA75B29722DEB7A1000CC8FB /* iOS Example.app */,
			);
			name = Products;
			sourceTree = "<group>";
		};
		AA75B29922DEB7A1000CC8FB /* iOS Example */ = {
			isa = PBXGroup;
			children = (
				AA75B2BB22DEB7D1000CC8FB /* bbc20190709_21306935GX.mp3 */,
				AA75B2BC22DEB7D1000CC8FB /* trailer.mp4 */,
				AA75B2B022DEB7C6000CC8FB /* MLAVPlayer */,
				AA75B29A22DEB7A1000CC8FB /* AppDelegate.h */,
				AA75B29B22DEB7A1000CC8FB /* AppDelegate.m */,
				AA75B29D22DEB7A1000CC8FB /* ViewController.h */,
				AA75B29E22DEB7A1000CC8FB /* ViewController.m */,
				AA75B2A022DEB7A1000CC8FB /* Main.storyboard */,
				AA75B2A322DEB7A2000CC8FB /* Assets.xcassets */,
				AA75B2A522DEB7A2000CC8FB /* LaunchScreen.storyboard */,
				AA75B2A822DEB7A2000CC8FB /* Info.plist */,
				AA75B2A922DEB7A2000CC8FB /* main.m */,
			);
			path = "iOS Example";
			sourceTree = "<group>";
		};
		AA75B2B022DEB7C6000CC8FB /* MLAVPlayer */ = {
			isa = PBXGroup;
			children = (
				AA75B2B322DEB7C6000CC8FB /* MLAVPlayer.h */,
				AA75B2B522DEB7C6000CC8FB /* MLAVPlayer.m */,
				AAE78F2D22E5A6F60065EC81 /* MLAVPlayer.xib */,
				AA75B2B122DEB7C6000CC8FB /* MLAVPlayer.bundle */,
				AAF682DF22E30A5D0087046B /* NSBundle+MLAVPlayer.h */,
				AAF682DE22E30A5D0087046B /* NSBundle+MLAVPlayer.m */,
				AA75B2B222DEB7C6000CC8FB /* UIImage+Extend.h */,
				AA75B2B422DEB7C6000CC8FB /* UIImage+Extend.m */,
				AAE78F2F22E5AB7F0065EC81 /* AVPlayer+SeekSmoothly.h */,
				AAE78F3022E5AB7F0065EC81 /* AVPlayer+SeekSmoothly.m */,
			);
			name = MLAVPlayer;
			path = ../../MLAVPlayer;
			sourceTree = "<group>";
		};
/* End PBXGroup section */

/* Begin PBXNativeTarget section */
		AA75B29622DEB7A1000CC8FB /* iOS Example */ = {
			isa = PBXNativeTarget;
			buildConfigurationList = AA75B2AD22DEB7A2000CC8FB /* Build configuration list for PBXNativeTarget "iOS Example" */;
			buildPhases = (
				AA75B29322DEB7A1000CC8FB /* Sources */,
				AA75B29422DEB7A1000CC8FB /* Frameworks */,
				AA75B29522DEB7A1000CC8FB /* Resources */,
			);
			buildRules = (
			);
			dependencies = (
			);
			name = "iOS Example";
			productName = "iOS Example";
			productReference = AA75B29722DEB7A1000CC8FB /* iOS Example.app */;
			productType = "com.apple.product-type.application";
		};
/* End PBXNativeTarget section */

/* Begin PBXProject section */
		AA75B28F22DEB7A1000CC8FB /* Project object */ = {
			isa = PBXProject;
			attributes = {
				LastUpgradeCheck = 1020;
				ORGANIZATIONNAME = "MTX Software Technology Co.,Ltd.";
				TargetAttributes = {
					AA75B29622DEB7A1000CC8FB = {
						CreatedOnToolsVersion = 10.2.1;
					};
				};
			};
			buildConfigurationList = AA75B29222DEB7A1000CC8FB /* Build configuration list for PBXProject "iOS Example" */;
			compatibilityVersion = "Xcode 9.3";
			developmentRegion = en;
			hasScannedForEncodings = 0;
			knownRegions = (
				en,
				Base,
			);
			mainGroup = AA75B28E22DEB7A1000CC8FB;
			productRefGroup = AA75B29822DEB7A1000CC8FB /* Products */;
			projectDirPath = "";
			projectRoot = "";
			targets = (
				AA75B29622DEB7A1000CC8FB /* iOS Example */,
			);
		};
/* End PBXProject section */

/* Begin PBXResourcesBuildPhase section */
		AA75B29522DEB7A1000CC8FB /* Resources */ = {
			isa = PBXResourcesBuildPhase;
			buildActionMask = 2147483647;
			files = (
				AA75B2A722DEB7A2000CC8FB /* LaunchScreen.storyboard in Resources */,
				AA75B2BD22DEB7D1000CC8FB /* bbc20190709_21306935GX.mp3 in Resources */,
				AA75B2A422DEB7A2000CC8FB /* Assets.xcassets in Resources */,
				AA75B2BE22DEB7D1000CC8FB /* trailer.mp4 in Resources */,
				AAE78F2E22E5A6F60065EC81 /* MLAVPlayer.xib in Resources */,
				AA75B2B722DEB7C6000CC8FB /* MLAVPlayer.bundle in Resources */,
				AA75B2A222DEB7A1000CC8FB /* Main.storyboard in Resources */,
			);
			runOnlyForDeploymentPostprocessing = 0;
		};
/* End PBXResourcesBuildPhase section */

/* Begin PBXSourcesBuildPhase section */
		AA75B29322DEB7A1000CC8FB /* Sources */ = {
			isa = PBXSourcesBuildPhase;
			buildActionMask = 2147483647;
			files = (
				AA75B29F22DEB7A1000CC8FB /* ViewController.m in Sources */,
				AA75B2AA22DEB7A2000CC8FB /* main.m in Sources */,
				AAE78F3122E5AB7F0065EC81 /* AVPlayer+SeekSmoothly.m in Sources */,
				AA75B29C22DEB7A1000CC8FB /* AppDelegate.m in Sources */,
				AAF682E022E30A5E0087046B /* NSBundle+MLAVPlayer.m in Sources */,
				AA75B2B922DEB7C6000CC8FB /* MLAVPlayer.m in Sources */,
				AA75B2B822DEB7C6000CC8FB /* UIImage+Extend.m in Sources */,
			);
			runOnlyForDeploymentPostprocessing = 0;
		};
/* End PBXSourcesBuildPhase section */

/* Begin PBXVariantGroup section */
		AA75B2A022DEB7A1000CC8FB /* Main.storyboard */ = {
			isa = PBXVariantGroup;
			children = (
				AA75B2A122DEB7A1000CC8FB /* Base */,
			);
			name = Main.storyboard;
			sourceTree = "<group>";
		};
		AA75B2A522DEB7A2000CC8FB /* LaunchScreen.storyboard */ = {
			isa = PBXVariantGroup;
			children = (
				AA75B2A622DEB7A2000CC8FB /* Base */,
			);
			name = LaunchScreen.storyboard;
			sourceTree = "<group>";
		};
/* End PBXVariantGroup section */

/* Begin XCBuildConfiguration section */
		AA75B2AB22DEB7A2000CC8FB /* Debug */ = {
			isa = XCBuildConfiguration;
			buildSettings = {
				ALWAYS_SEARCH_USER_PATHS = NO;
				CLANG_ANALYZER_NONNULL = YES;
				CLANG_ANALYZER_NUMBER_OBJECT_CONVERSION = YES_AGGRESSIVE;
				CLANG_CXX_LANGUAGE_STANDARD = "gnu++14";
				CLANG_CXX_LIBRARY = "libc++";
				CLANG_ENABLE_MODULES = YES;
				CLANG_ENABLE_OBJC_ARC = YES;
				CLANG_ENABLE_OBJC_WEAK = YES;
				CLANG_WARN_BLOCK_CAPTURE_AUTORELEASING = YES;
				CLANG_WARN_BOOL_CONVERSION = YES;
				CLANG_WARN_COMMA = YES;
				CLANG_WARN_CONSTANT_CONVERSION = YES;
				CLANG_WARN_DEPRECATED_OBJC_IMPLEMENTATIONS = YES;
				CLANG_WARN_DIRECT_OBJC_ISA_USAGE = YES_ERROR;
				CLANG_WARN_DOCUMENTATION_COMMENTS = YES;
				CLANG_WARN_EMPTY_BODY = YES;
				CLANG_WARN_ENUM_CONVERSION = YES;
				CLANG_WARN_INFINITE_RECURSION = YES;
				CLANG_WARN_INT_CONVERSION = YES;
				CLANG_WARN_NON_LITERAL_NULL_CONVERSION = YES;
				CLANG_WARN_OBJC_IMPLICIT_RETAIN_SELF = YES;
				CLANG_WARN_OBJC_LITERAL_CONVERSION = YES;
				CLANG_WARN_OBJC_ROOT_CLASS = YES_ERROR;
				CLANG_WARN_RANGE_LOOP_ANALYSIS = YES;
				CLANG_WARN_STRICT_PROTOTYPES = YES;
				CLANG_WARN_SUSPICIOUS_MOVE = YES;
				CLANG_WARN_UNGUARDED_AVAILABILITY = YES_AGGRESSIVE;
				CLANG_WARN_UNREACHABLE_CODE = YES;
				CLANG_WARN__DUPLICATE_METHOD_MATCH = YES;
				CODE_SIGN_IDENTITY = "iPhone Developer";
				COPY_PHASE_STRIP = NO;
				DEBUG_INFORMATION_FORMAT = dwarf;
				ENABLE_STRICT_OBJC_MSGSEND = YES;
				ENABLE_TESTABILITY = YES;
				GCC_C_LANGUAGE_STANDARD = gnu11;
				GCC_DYNAMIC_NO_PIC = NO;
				GCC_NO_COMMON_BLOCKS = YES;
				GCC_OPTIMIZATION_LEVEL = 0;
				GCC_PREPROCESSOR_DEFINITIONS = (
					"DEBUG=1",
					"$(inherited)",
				);
				GCC_WARN_64_TO_32_BIT_CONVERSION = YES;
				GCC_WARN_ABOUT_RETURN_TYPE = YES_ERROR;
				GCC_WARN_UNDECLARED_SELECTOR = YES;
				GCC_WARN_UNINITIALIZED_AUTOS = YES_AGGRESSIVE;
				GCC_WARN_UNUSED_FUNCTION = YES;
				GCC_WARN_UNUSED_VARIABLE = YES;
				IPHONEOS_DEPLOYMENT_TARGET = 12.2;
				MTL_ENABLE_DEBUG_INFO = INCLUDE_SOURCE;
				MTL_FAST_MATH = YES;
				ONLY_ACTIVE_ARCH = YES;
				SDKROOT = iphoneos;
			};
			name = Debug;
		};
		AA75B2AC22DEB7A2000CC8FB /* Release */ = {
			isa = XCBuildConfiguration;
			buildSettings = {
				ALWAYS_SEARCH_USER_PATHS = NO;
				CLANG_ANALYZER_NONNULL = YES;
				CLANG_ANALYZER_NUMBER_OBJECT_CONVERSION = YES_AGGRESSIVE;
				CLANG_CXX_LANGUAGE_STANDARD = "gnu++14";
				CLANG_CXX_LIBRARY = "libc++";
				CLANG_ENABLE_MODULES = YES;
				CLANG_ENABLE_OBJC_ARC = YES;
				CLANG_ENABLE_OBJC_WEAK = YES;
				CLANG_WARN_BLOCK_CAPTURE_AUTORELEASING = YES;
				CLANG_WARN_BOOL_CONVERSION = YES;
				CLANG_WARN_COMMA = YES;
				CLANG_WARN_CONSTANT_CONVERSION = YES;
				CLANG_WARN_DEPRECATED_OBJC_IMPLEMENTATIONS = YES;
				CLANG_WARN_DIRECT_OBJC_ISA_USAGE = YES_ERROR;
				CLANG_WARN_DOCUMENTATION_COMMENTS = YES;
				CLANG_WARN_EMPTY_BODY = YES;
				CLANG_WARN_ENUM_CONVERSION = YES;
				CLANG_WARN_INFINITE_RECURSION = YES;
				CLANG_WARN_INT_CONVERSION = YES;
				CLANG_WARN_NON_LITERAL_NULL_CONVERSION = YES;
				CLANG_WARN_OBJC_IMPLICIT_RETAIN_SELF = YES;
				CLANG_WARN_OBJC_LITERAL_CONVERSION = YES;
				CLANG_WARN_OBJC_ROOT_CLASS = YES_ERROR;
				CLANG_WARN_RANGE_LOOP_ANALYSIS = YES;
				CLANG_WARN_STRICT_PROTOTYPES = YES;
				CLANG_WARN_SUSPICIOUS_MOVE = YES;
				CLANG_WARN_UNGUARDED_AVAILABILITY = YES_AGGRESSIVE;
				CLANG_WARN_UNREACHABLE_CODE = YES;
				CLANG_WARN__DUPLICATE_METHOD_MATCH = YES;
				CODE_SIGN_IDENTITY = "iPhone Developer";
				COPY_PHASE_STRIP = NO;
				DEBUG_INFORMATION_FORMAT = "dwarf-with-dsym";
				ENABLE_NS_ASSERTIONS = NO;
				ENABLE_STRICT_OBJC_MSGSEND = YES;
				GCC_C_LANGUAGE_STANDARD = gnu11;
				GCC_NO_COMMON_BLOCKS = YES;
				GCC_WARN_64_TO_32_BIT_CONVERSION = YES;
				GCC_WARN_ABOUT_RETURN_TYPE = YES_ERROR;
				GCC_WARN_UNDECLARED_SELECTOR = YES;
				GCC_WARN_UNINITIALIZED_AUTOS = YES_AGGRESSIVE;
				GCC_WARN_UNUSED_FUNCTION = YES;
				GCC_WARN_UNUSED_VARIABLE = YES;
				IPHONEOS_DEPLOYMENT_TARGET = 12.2;
				MTL_ENABLE_DEBUG_INFO = NO;
				MTL_FAST_MATH = YES;
				SDKROOT = iphoneos;
				VALIDATE_PRODUCT = YES;
			};
			name = Release;
		};
		AA75B2AE22DEB7A2000CC8FB /* Debug */ = {
			isa = XCBuildConfiguration;
			buildSettings = {
				ASSETCATALOG_COMPILER_APPICON_NAME = AppIcon;
				CODE_SIGN_STYLE = Automatic;
				DEVELOPMENT_TEAM = 5U5763E89G;
				INFOPLIST_FILE = "iOS Example/Info.plist";
				IPHONEOS_DEPLOYMENT_TARGET = 8.0;
				LD_RUNPATH_SEARCH_PATHS = (
					"$(inherited)",
					"@executable_path/Frameworks",
				);
				PRODUCT_BUNDLE_IDENTIFIER = com.mountain.test;
				PRODUCT_NAME = "$(TARGET_NAME)";
				TARGETED_DEVICE_FAMILY = "1,2";
			};
			name = Debug;
		};
		AA75B2AF22DEB7A2000CC8FB /* Release */ = {
			isa = XCBuildConfiguration;
			buildSettings = {
				ASSETCATALOG_COMPILER_APPICON_NAME = AppIcon;
				CODE_SIGN_STYLE = Automatic;
				DEVELOPMENT_TEAM = 5U5763E89G;
				INFOPLIST_FILE = "iOS Example/Info.plist";
				IPHONEOS_DEPLOYMENT_TARGET = 8.0;
				LD_RUNPATH_SEARCH_PATHS = (
					"$(inherited)",
					"@executable_path/Frameworks",
				);
				PRODUCT_BUNDLE_IDENTIFIER = com.mountain.test;
				PRODUCT_NAME = "$(TARGET_NAME)";
				TARGETED_DEVICE_FAMILY = "1,2";
			};
			name = Release;
		};
/* End XCBuildConfiguration section */

/* Begin XCConfigurationList section */
		AA75B29222DEB7A1000CC8FB /* Build configuration list for PBXProject "iOS Example" */ = {
			isa = XCConfigurationList;
			buildConfigurations = (
				AA75B2AB22DEB7A2000CC8FB /* Debug */,
				AA75B2AC22DEB7A2000CC8FB /* Release */,
			);
			defaultConfigurationIsVisible = 0;
			defaultConfigurationName = Release;
		};
		AA75B2AD22DEB7A2000CC8FB /* Build configuration list for PBXNativeTarget "iOS Example" */ = {
			isa = XCConfigurationList;
			buildConfigurations = (
				AA75B2AE22DEB7A2000CC8FB /* Debug */,
				AA75B2AF22DEB7A2000CC8FB /* Release */,
			);
			defaultConfigurationIsVisible = 0;
			defaultConfigurationName = Release;
		};
/* End XCConfigurationList section */
	};
	rootObject = AA75B28F22DEB7A1000CC8FB /* Project object */;
}
